
Microsoft Visual Studio Solution File, Format Version 11.00
# Visual Studio 2010
# SharpDevelop 5.1
Project("{FAE04EC0-301F-11D3-BF4B-00C04F79EFBC}") = "TumbrlHarvester", "TumbrlHarvester\TumbrlHarvester.csproj", "{CFAE6846-DF88-4290-85ED-5A13E032E4DF}"
EndProject
Global
	GlobalSection(SolutionConfigurationPlatforms) = preSolution
		Debug|Any CPU = Debug|Any CPU
		Release|Any CPU = Release|Any CPU
	EndGlobalSection
	GlobalSection(ProjectConfigurationPlatforms) = postSolution
		{CFAE6846-DF88-4290-85ED-5A13E032E4DF}.Debug|Any CPU.ActiveCfg = Debug|Any CPU
		{CFAE6846-DF88-4290-85ED-5A13E032E4DF}.Debug|Any CPU.Build.0 = Debug|Any CPU
		{CFAE6846-DF88-4290-85ED-5A13E032E4DF}.Release|Any CPU.ActiveCfg = Release|Any CPU
		{CFAE6846-DF88-4290-85ED-5A13E032E4DF}.Release|Any CPU.Build.0 = Release|Any CPU
	EndGlobalSection
EndGlobal
